
Microsoft Visual Studio Solution File, Format Version 12.00
# Visual Studio Version 16
VisualStudioVersion = 16.0.31613.86
MinimumVisualStudioVersion = 10.0.40219.1
Project("{9A19103F-16F7-4668-BE54-9A1E7A4F7556}") = "Avaliação 2", "Aula 14 Avaliação 2\Avaliação 2.csproj", "{1E248AEF-A800-4C60-A5C2-19E024215C03}"
EndProject
Global
	GlobalSection(SolutionConfigurationPlatforms) = preSolution
		Debug|Any CPU = Debug|Any CPU
		Release|Any CPU = Release|Any CPU
	EndGlobalSection
	GlobalSection(ProjectConfigurationPlatforms) = postSolution
		{1E248AEF-A800-4C60-A5C2-19E024215C03}.Debug|Any CPU.ActiveCfg = Debug|Any CPU
		{1E248AEF-A800-4C60-A5C2-19E024215C03}.Debug|Any CPU.Build.0 = Debug|Any CPU
		{1E248AEF-A800-4C60-A5C2-19E024215C03}.Release|Any CPU.ActiveCfg = Release|Any CPU
		{1E248AEF-A800-4C60-A5C2-19E024215C03}.Release|Any CPU.Build.0 = Release|Any CPU
	EndGlobalSection
	GlobalSection(SolutionProperties) = preSolution
		HideSolutionNode = FALSE
	EndGlobalSection
	GlobalSection(ExtensibilityGlobals) = postSolution
		SolutionGuid = {7F6A403F-93D2-4B82-91E5-EE021E960D35}
	EndGlobalSection
EndGlobal
